
Microsoft Visual Studio Solution File, Format Version 12.00
Project("{2150E333-8FDC-42A3-9474-1A3956D46DE8}") = "Problems", "Problems", "{67F5B6EF-4FD5-49DA-852A-874F7C7BE993}"
EndProject
Project("{FAE04EC0-301F-11D3-BF4B-00C04F79EFBC}") = "Problem01_GoogleSample", "Problem01_GoogleSample\Problem01_GoogleSample.csproj", "{2A68802B-3889-46AE-A36A-451A4C415253}"
EndProject
Project("{FAE04EC0-301F-11D3-BF4B-00C04F79EFBC}") = "Problem02_CommonInTwoArrays", "Problem02_CommonInTwoArrays\Problem02_CommonInTwoArrays.csproj", "{31F78D84-C356-4FED-B1A1-91EE50E37870}"
EndProject
Project("{2150E333-8FDC-42A3-9474-1A3956D46DE8}") = "DataStructures", "DataStructures", "{99A9950D-63C0-4554-B2A8-9F495E13E9EA}"
EndProject
Project("{FAE04EC0-301F-11D3-BF4B-00C04F79EFBC}") = "Ds01_Arrays", "Ds01_Arrays\Ds01_Arrays.csproj", "{B08608EE-4BC1-4B62-A5C0-BC7EF19602D1}"
EndProject
Project("{FAE04EC0-301F-11D3-BF4B-00C04F79EFBC}") = "Ds02_HashTables", "Ds02_HashTables\Ds02_HashTables.csproj", "{BDC63ABA-3EFA-4A32-8F8F-4D7CBB8A7B64}"
EndProject
Project("{FAE04EC0-301F-11D3-BF4B-00C04F79EFBC}") = "Ds03_LinkedList", "Ds03_LinkedList\Ds03_LinkedList.csproj", "{539AAB87-8870-49DE-9D8D-AABD619112DC}"
EndProject
Project("{FAE04EC0-301F-11D3-BF4B-00C04F79EFBC}") = "Ds04_StacksNQueues", "Ds04_StacksNQueues\Ds04_StacksNQueues.csproj", "{FFF52857-A5DF-4475-8FFB-5560F729568C}"
EndProject
Project("{FAE04EC0-301F-11D3-BF4B-00C04F79EFBC}") = "Problem03_PrintNumberPattern", "Problem03_PrintNumberPattern\Problem03_PrintNumberPattern.csproj", "{177C2004-5430-439E-81D2-E1FF464F844B}"
EndProject
Project("{FAE04EC0-301F-11D3-BF4B-00C04F79EFBC}") = "Problem04_NthNumberinArithmeticProgression", "Problem04_NthNumberinArithmeticProgression\Problem04_NthNumberinArithmeticProgression.csproj", "{A0CDF0D6-2A67-4B27-BDB5-0242B35FD06C}"
EndProject
Project("{FAE04EC0-301F-11D3-BF4B-00C04F79EFBC}") = "Problem05_NthNumberInGeometricProgression", "Problem05_NthNumberInGeometricProgression\Problem05_NthNumberInGeometricProgression.csproj", "{79958F21-2BF5-4F3B-A408-20E07FB19FC2}"
EndProject
Project("{FAE04EC0-301F-11D3-BF4B-00C04F79EFBC}") = "Problem06_ClosestNumberDivisible", "Problem06_ClosestNumberDivisible\Problem06_ClosestNumberDivisible.csproj", "{BE6B8612-D338-42EF-A823-7ACE03B2A7AB}"
EndProject
Project("{FAE04EC0-301F-11D3-BF4B-00C04F79EFBC}") = "Problem07_ArmstrongNumbers", "Problem07_ArmstrongNumbers\Problem07_ArmstrongNumbers.csproj", "{F53824D0-6C87-436C-83CE-597CDEB46E78}"
EndProject
Project("{FAE04EC0-301F-11D3-BF4B-00C04F79EFBC}") = "Problem08_ReverseNumber", "Problem08_ReverseNumber\Problem08_ReverseNumber.csproj", "{178B2EBB-0211-4DB1-B536-9633F3A362D5}"
EndProject
Project("{FAE04EC0-301F-11D3-BF4B-00C04F79EFBC}") = "Problem09_BinaryToDecimal", "Problem09_BinaryToDecimal\Problem09_BinaryToDecimal.csproj", "{60B19164-2036-40C5-8514-28811E97F622}"
EndProject
Project("{FAE04EC0-301F-11D3-BF4B-00C04F79EFBC}") = "Problem10_GreatestCommonDivisor", "Problem10_GreatestCommonDivisor\Problem10_GreatestCommonDivisor.csproj", "{8955A557-12B6-4AA0-92D8-CB3665017FB4}"
EndProject
Project("{FAE04EC0-301F-11D3-BF4B-00C04F79EFBC}") = "Problem11_LeastCommonMultiple", "Problem11_LeastCommonMultiple\Problem11_LeastCommonMultiple.csproj", "{12DDD050-5037-4AA5-820A-225898B489D4}"
EndProject
Global
	GlobalSection(SolutionConfigurationPlatforms) = preSolution
		Debug|Any CPU = Debug|Any CPU
		Release|Any CPU = Release|Any CPU
	EndGlobalSection
	GlobalSection(NestedProjects) = preSolution
		{2A68802B-3889-46AE-A36A-451A4C415253} = {67F5B6EF-4FD5-49DA-852A-874F7C7BE993}
		{31F78D84-C356-4FED-B1A1-91EE50E37870} = {67F5B6EF-4FD5-49DA-852A-874F7C7BE993}
		{B08608EE-4BC1-4B62-A5C0-BC7EF19602D1} = {99A9950D-63C0-4554-B2A8-9F495E13E9EA}
		{BDC63ABA-3EFA-4A32-8F8F-4D7CBB8A7B64} = {99A9950D-63C0-4554-B2A8-9F495E13E9EA}
		{539AAB87-8870-49DE-9D8D-AABD619112DC} = {99A9950D-63C0-4554-B2A8-9F495E13E9EA}
		{FFF52857-A5DF-4475-8FFB-5560F729568C} = {99A9950D-63C0-4554-B2A8-9F495E13E9EA}
		{177C2004-5430-439E-81D2-E1FF464F844B} = {67F5B6EF-4FD5-49DA-852A-874F7C7BE993}
		{A0CDF0D6-2A67-4B27-BDB5-0242B35FD06C} = {67F5B6EF-4FD5-49DA-852A-874F7C7BE993}
		{79958F21-2BF5-4F3B-A408-20E07FB19FC2} = {67F5B6EF-4FD5-49DA-852A-874F7C7BE993}
		{BE6B8612-D338-42EF-A823-7ACE03B2A7AB} = {67F5B6EF-4FD5-49DA-852A-874F7C7BE993}
		{F53824D0-6C87-436C-83CE-597CDEB46E78} = {67F5B6EF-4FD5-49DA-852A-874F7C7BE993}
		{178B2EBB-0211-4DB1-B536-9633F3A362D5} = {67F5B6EF-4FD5-49DA-852A-874F7C7BE993}
		{60B19164-2036-40C5-8514-28811E97F622} = {67F5B6EF-4FD5-49DA-852A-874F7C7BE993}
		{8955A557-12B6-4AA0-92D8-CB3665017FB4} = {67F5B6EF-4FD5-49DA-852A-874F7C7BE993}
		{12DDD050-5037-4AA5-820A-225898B489D4} = {67F5B6EF-4FD5-49DA-852A-874F7C7BE993}
	EndGlobalSection
	GlobalSection(ProjectConfigurationPlatforms) = postSolution
		{2A68802B-3889-46AE-A36A-451A4C415253}.Debug|Any CPU.ActiveCfg = Debug|Any CPU
		{2A68802B-3889-46AE-A36A-451A4C415253}.Debug|Any CPU.Build.0 = Debug|Any CPU
		{2A68802B-3889-46AE-A36A-451A4C415253}.Release|Any CPU.ActiveCfg = Release|Any CPU
		{2A68802B-3889-46AE-A36A-451A4C415253}.Release|Any CPU.Build.0 = Release|Any CPU
		{31F78D84-C356-4FED-B1A1-91EE50E37870}.Debug|Any CPU.ActiveCfg = Debug|Any CPU
		{31F78D84-C356-4FED-B1A1-91EE50E37870}.Debug|Any CPU.Build.0 = Debug|Any CPU
		{31F78D84-C356-4FED-B1A1-91EE50E37870}.Release|Any CPU.ActiveCfg = Release|Any CPU
		{31F78D84-C356-4FED-B1A1-91EE50E37870}.Release|Any CPU.Build.0 = Release|Any CPU
		{B08608EE-4BC1-4B62-A5C0-BC7EF19602D1}.Debug|Any CPU.ActiveCfg = Debug|Any CPU
		{B08608EE-4BC1-4B62-A5C0-BC7EF19602D1}.Debug|Any CPU.Build.0 = Debug|Any CPU
		{B08608EE-4BC1-4B62-A5C0-BC7EF19602D1}.Release|Any CPU.ActiveCfg = Release|Any CPU
		{B08608EE-4BC1-4B62-A5C0-BC7EF19602D1}.Release|Any CPU.Build.0 = Release|Any CPU
		{BDC63ABA-3EFA-4A32-8F8F-4D7CBB8A7B64}.Debug|Any CPU.ActiveCfg = Debug|Any CPU
		{BDC63ABA-3EFA-4A32-8F8F-4D7CBB8A7B64}.Debug|Any CPU.Build.0 = Debug|Any CPU
		{BDC63ABA-3EFA-4A32-8F8F-4D7CBB8A7B64}.Release|Any CPU.ActiveCfg = Release|Any CPU
		{BDC63ABA-3EFA-4A32-8F8F-4D7CBB8A7B64}.Release|Any CPU.Build.0 = Release|Any CPU
		{539AAB87-8870-49DE-9D8D-AABD619112DC}.Debug|Any CPU.ActiveCfg = Debug|Any CPU
		{539AAB87-8870-49DE-9D8D-AABD619112DC}.Debug|Any CPU.Build.0 = Debug|Any CPU
		{539AAB87-8870-49DE-9D8D-AABD619112DC}.Release|Any CPU.ActiveCfg = Release|Any CPU
		{539AAB87-8870-49DE-9D8D-AABD619112DC}.Release|Any CPU.Build.0 = Release|Any CPU
		{FFF52857-A5DF-4475-8FFB-5560F729568C}.Debug|Any CPU.ActiveCfg = Debug|Any CPU
		{FFF52857-A5DF-4475-8FFB-5560F729568C}.Debug|Any CPU.Build.0 = Debug|Any CPU
		{FFF52857-A5DF-4475-8FFB-5560F729568C}.Release|Any CPU.ActiveCfg = Release|Any CPU
		{FFF52857-A5DF-4475-8FFB-5560F729568C}.Release|Any CPU.Build.0 = Release|Any CPU
		{177C2004-5430-439E-81D2-E1FF464F844B}.Debug|Any CPU.ActiveCfg = Debug|Any CPU
		{177C2004-5430-439E-81D2-E1FF464F844B}.Debug|Any CPU.Build.0 = Debug|Any CPU
		{177C2004-5430-439E-81D2-E1FF464F844B}.Release|Any CPU.ActiveCfg = Release|Any CPU
		{177C2004-5430-439E-81D2-E1FF464F844B}.Release|Any CPU.Build.0 = Release|Any CPU
		{A0CDF0D6-2A67-4B27-BDB5-0242B35FD06C}.Debug|Any CPU.ActiveCfg = Debug|Any CPU
		{A0CDF0D6-2A67-4B27-BDB5-0242B35FD06C}.Debug|Any CPU.Build.0 = Debug|Any CPU
		{A0CDF0D6-2A67-4B27-BDB5-0242B35FD06C}.Release|Any CPU.ActiveCfg = Release|Any CPU
		{A0CDF0D6-2A67-4B27-BDB5-0242B35FD06C}.Release|Any CPU.Build.0 = Release|Any CPU
		{79958F21-2BF5-4F3B-A408-20E07FB19FC2}.Debug|Any CPU.ActiveCfg = Debug|Any CPU
		{79958F21-2BF5-4F3B-A408-20E07FB19FC2}.Debug|Any CPU.Build.0 = Debug|Any CPU
		{79958F21-2BF5-4F3B-A408-20E07FB19FC2}.Release|Any CPU.ActiveCfg = Release|Any CPU
		{79958F21-2BF5-4F3B-A408-20E07FB19FC2}.Release|Any CPU.Build.0 = Release|Any CPU
		{BE6B8612-D338-42EF-A823-7ACE03B2A7AB}.Debug|Any CPU.ActiveCfg = Debug|Any CPU
		{BE6B8612-D338-42EF-A823-7ACE03B2A7AB}.Debug|Any CPU.Build.0 = Debug|Any CPU
		{BE6B8612-D338-42EF-A823-7ACE03B2A7AB}.Release|Any CPU.ActiveCfg = Release|Any CPU
		{BE6B8612-D338-42EF-A823-7ACE03B2A7AB}.Release|Any CPU.Build.0 = Release|Any CPU
		{F53824D0-6C87-436C-83CE-597CDEB46E78}.Debug|Any CPU.ActiveCfg = Debug|Any CPU
		{F53824D0-6C87-436C-83CE-597CDEB46E78}.Debug|Any CPU.Build.0 = Debug|Any CPU
		{F53824D0-6C87-436C-83CE-597CDEB46E78}.Release|Any CPU.ActiveCfg = Release|Any CPU
		{F53824D0-6C87-436C-83CE-597CDEB46E78}.Release|Any CPU.Build.0 = Release|Any CPU
		{178B2EBB-0211-4DB1-B536-9633F3A362D5}.Debug|Any CPU.ActiveCfg = Debug|Any CPU
		{178B2EBB-0211-4DB1-B536-9633F3A362D5}.Debug|Any CPU.Build.0 = Debug|Any CPU
		{178B2EBB-0211-4DB1-B536-9633F3A362D5}.Release|Any CPU.ActiveCfg = Release|Any CPU
		{178B2EBB-0211-4DB1-B536-9633F3A362D5}.Release|Any CPU.Build.0 = Release|Any CPU
		{60B19164-2036-40C5-8514-28811E97F622}.Debug|Any CPU.ActiveCfg = Debug|Any CPU
		{60B19164-2036-40C5-8514-28811E97F622}.Debug|Any CPU.Build.0 = Debug|Any CPU
		{60B19164-2036-40C5-8514-28811E97F622}.Release|Any CPU.ActiveCfg = Release|Any CPU
		{60B19164-2036-40C5-8514-28811E97F622}.Release|Any CPU.Build.0 = Release|Any CPU
		{8955A557-12B6-4AA0-92D8-CB3665017FB4}.Debug|Any CPU.ActiveCfg = Debug|Any CPU
		{8955A557-12B6-4AA0-92D8-CB3665017FB4}.Debug|Any CPU.Build.0 = Debug|Any CPU
		{8955A557-12B6-4AA0-92D8-CB3665017FB4}.Release|Any CPU.ActiveCfg = Release|Any CPU
		{8955A557-12B6-4AA0-92D8-CB3665017FB4}.Release|Any CPU.Build.0 = Release|Any CPU
		{12DDD050-5037-4AA5-820A-225898B489D4}.Debug|Any CPU.ActiveCfg = Debug|Any CPU
		{12DDD050-5037-4AA5-820A-225898B489D4}.Debug|Any CPU.Build.0 = Debug|Any CPU
		{12DDD050-5037-4AA5-820A-225898B489D4}.Release|Any CPU.ActiveCfg = Release|Any CPU
		{12DDD050-5037-4AA5-820A-225898B489D4}.Release|Any CPU.Build.0 = Release|Any CPU
	EndGlobalSection
EndGlobal
